
Microsoft Visual Studio Solution File, Format Version 12.00
# Visual Studio Version 17
VisualStudioVersion = 17.8.34316.72
MinimumVisualStudioVersion = 10.0.40219.1
Project("{FAE04EC0-301F-11D3-BF4B-00C04F79EFBC}") = "PaternPractic1", "PaternPractic1\PaternPractic1.csproj", "{2C25DB2B-857D-40B5-A621-90AF7F4D02B3}"
EndProject
Global
	GlobalSection(SolutionConfigurationPlatforms) = preSolution
		Debug|Any CPU = Debug|Any CPU
		Release|Any CPU = Release|Any CPU
	EndGlobalSection
	GlobalSection(ProjectConfigurationPlatforms) = postSolution
		{2C25DB2B-857D-40B5-A621-90AF7F4D02B3}.Debug|Any CPU.ActiveCfg = Debug|Any CPU
		{2C25DB2B-857D-40B5-A621-90AF7F4D02B3}.Debug|Any CPU.Build.0 = Debug|Any CPU
		{2C25DB2B-857D-40B5-A621-90AF7F4D02B3}.Release|Any CPU.ActiveCfg = Release|Any CPU
		{2C25DB2B-857D-40B5-A621-90AF7F4D02B3}.Release|Any CPU.Build.0 = Release|Any CPU
	EndGlobalSection
	GlobalSection(SolutionProperties) = preSolution
		HideSolutionNode = FALSE
	EndGlobalSection
	GlobalSection(ExtensibilityGlobals) = postSolution
		SolutionGuid = {B94E18DC-BAD0-4BAE-9E20-E47B58A30FED}
	EndGlobalSection
EndGlobal
